
Microsoft Visual Studio Solution File, Format Version 12.00
# Visual Studio Version 17
VisualStudioVersion = 17.1.32210.238
MinimumVisualStudioVersion = 10.0.40219.1
Project("{FAE04EC0-301F-11D3-BF4B-00C04F79EFBC}") = "SearchIndexerFunctionApp", "SearchIndexerFunctionApp\SearchIndexerFunctionApp.csproj", "{2F45C7E7-894D-4145-BAFF-C3B581227170}"
EndProject
Global
	GlobalSection(SolutionConfigurationPlatforms) = preSolution
		Debug|Any CPU = Debug|Any CPU
		Release|Any CPU = Release|Any CPU
	EndGlobalSection
	GlobalSection(ProjectConfigurationPlatforms) = postSolution
		{2F45C7E7-894D-4145-BAFF-C3B581227170}.Debug|Any CPU.ActiveCfg = Debug|Any CPU
		{2F45C7E7-894D-4145-BAFF-C3B581227170}.Debug|Any CPU.Build.0 = Debug|Any CPU
		{2F45C7E7-894D-4145-BAFF-C3B581227170}.Release|Any CPU.ActiveCfg = Release|Any CPU
		{2F45C7E7-894D-4145-BAFF-C3B581227170}.Release|Any CPU.Build.0 = Release|Any CPU
	EndGlobalSection
	GlobalSection(SolutionProperties) = preSolution
		HideSolutionNode = FALSE
	EndGlobalSection
	GlobalSection(ExtensibilityGlobals) = postSolution
		SolutionGuid = {5A858A4F-4476-470B-A455-E4E1416F8DA5}
	EndGlobalSection
EndGlobal
